
Microsoft Visual Studio Solution File, Format Version 12.00
# Visual Studio 15
VisualStudioVersion = 15.0.28307.757
MinimumVisualStudioVersion = 10.0.40219.1
Project("{FAE04EC0-301F-11D3-BF4B-00C04F79EFBC}") = "PosProject", "POSprogram\PosProject.csproj", "{3F919E17-A09C-45E4-90F2-64903B8707D5}"
EndProject
Project("{9A19103F-16F7-4668-BE54-9A1E7A4F7556}") = "funcLibrary", "funcLibrary\funcLibrary.csproj", "{5D246669-9B16-4698-AE57-54A128AB2C43}"
EndProject
Project("{FAE04EC0-301F-11D3-BF4B-00C04F79EFBC}") = "WpfReceipt", "WpfCustomControlLibrary1\WpfReceipt.csproj", "{393C31A8-25A5-4D29-AA5D-C3AC66375CF9}"
EndProject
Global
	GlobalSection(SolutionConfigurationPlatforms) = preSolution
		Debug|Any CPU = Debug|Any CPU
		Release|Any CPU = Release|Any CPU
	EndGlobalSection
	GlobalSection(ProjectConfigurationPlatforms) = postSolution
		{3F919E17-A09C-45E4-90F2-64903B8707D5}.Debug|Any CPU.ActiveCfg = Debug|Any CPU
		{3F919E17-A09C-45E4-90F2-64903B8707D5}.Debug|Any CPU.Build.0 = Debug|Any CPU
		{3F919E17-A09C-45E4-90F2-64903B8707D5}.Release|Any CPU.ActiveCfg = Release|Any CPU
		{3F919E17-A09C-45E4-90F2-64903B8707D5}.Release|Any CPU.Build.0 = Release|Any CPU
		{5D246669-9B16-4698-AE57-54A128AB2C43}.Debug|Any CPU.ActiveCfg = Debug|Any CPU
		{5D246669-9B16-4698-AE57-54A128AB2C43}.Debug|Any CPU.Build.0 = Debug|Any CPU
		{5D246669-9B16-4698-AE57-54A128AB2C43}.Release|Any CPU.ActiveCfg = Release|Any CPU
		{5D246669-9B16-4698-AE57-54A128AB2C43}.Release|Any CPU.Build.0 = Release|Any CPU
		{393C31A8-25A5-4D29-AA5D-C3AC66375CF9}.Debug|Any CPU.ActiveCfg = Debug|Any CPU
		{393C31A8-25A5-4D29-AA5D-C3AC66375CF9}.Debug|Any CPU.Build.0 = Debug|Any CPU
		{393C31A8-25A5-4D29-AA5D-C3AC66375CF9}.Release|Any CPU.ActiveCfg = Release|Any CPU
		{393C31A8-25A5-4D29-AA5D-C3AC66375CF9}.Release|Any CPU.Build.0 = Release|Any CPU
	EndGlobalSection
	GlobalSection(SolutionProperties) = preSolution
		HideSolutionNode = FALSE
	EndGlobalSection
	GlobalSection(ExtensibilityGlobals) = postSolution
		SolutionGuid = {E2BCC0C8-6124-4B11-A3FF-AED380E34B17}
	EndGlobalSection
EndGlobal
